
Microsoft Visual Studio Solution File, Format Version 12.00
# Visual Studio 14
VisualStudioVersion = 14.0.25123.0
MinimumVisualStudioVersion = 10.0.40219.1
Project("{FAE04EC0-301F-11D3-BF4B-00C04F79EFBC}") = "RaceConditions", "RaceConditions\RaceConditions.csproj", "{1073D73D-D2B3-44A5-949E-612681101355}"
EndProject
Project("{FAE04EC0-301F-11D3-BF4B-00C04F79EFBC}") = "RaceConditionExample", "RaceConditionExample\RaceConditionExample.csproj", "{21651413-3DE1-4D8A-89D6-CF448533C38D}"
EndProject
Project("{FAE04EC0-301F-11D3-BF4B-00C04F79EFBC}") = "SynchronizationPrimitives", "SynchronizationPrimitives\SynchronizationPrimitives.csproj", "{B89467CB-B1F7-4D41-A147-C571FEA6D816}"
EndProject
Project("{FAE04EC0-301F-11D3-BF4B-00C04F79EFBC}") = "ToiletSimulation", "ToiletSimulationForStudents\ToiletSimulation.csproj", "{DD0C1134-7EE3-4736-840E-83C75CDD9146}"
EndProject
Global
	GlobalSection(SolutionConfigurationPlatforms) = preSolution
		Debug|Any CPU = Debug|Any CPU
		Release|Any CPU = Release|Any CPU
	EndGlobalSection
	GlobalSection(ProjectConfigurationPlatforms) = postSolution
		{1073D73D-D2B3-44A5-949E-612681101355}.Debug|Any CPU.ActiveCfg = Debug|Any CPU
		{1073D73D-D2B3-44A5-949E-612681101355}.Debug|Any CPU.Build.0 = Debug|Any CPU
		{1073D73D-D2B3-44A5-949E-612681101355}.Release|Any CPU.ActiveCfg = Release|Any CPU
		{1073D73D-D2B3-44A5-949E-612681101355}.Release|Any CPU.Build.0 = Release|Any CPU
		{21651413-3DE1-4D8A-89D6-CF448533C38D}.Debug|Any CPU.ActiveCfg = Debug|Any CPU
		{21651413-3DE1-4D8A-89D6-CF448533C38D}.Debug|Any CPU.Build.0 = Debug|Any CPU
		{21651413-3DE1-4D8A-89D6-CF448533C38D}.Release|Any CPU.ActiveCfg = Release|Any CPU
		{21651413-3DE1-4D8A-89D6-CF448533C38D}.Release|Any CPU.Build.0 = Release|Any CPU
		{B89467CB-B1F7-4D41-A147-C571FEA6D816}.Debug|Any CPU.ActiveCfg = Debug|Any CPU
		{B89467CB-B1F7-4D41-A147-C571FEA6D816}.Debug|Any CPU.Build.0 = Debug|Any CPU
		{B89467CB-B1F7-4D41-A147-C571FEA6D816}.Release|Any CPU.ActiveCfg = Release|Any CPU
		{B89467CB-B1F7-4D41-A147-C571FEA6D816}.Release|Any CPU.Build.0 = Release|Any CPU
		{DD0C1134-7EE3-4736-840E-83C75CDD9146}.Debug|Any CPU.ActiveCfg = Debug|Any CPU
		{DD0C1134-7EE3-4736-840E-83C75CDD9146}.Debug|Any CPU.Build.0 = Debug|Any CPU
		{DD0C1134-7EE3-4736-840E-83C75CDD9146}.Release|Any CPU.ActiveCfg = Release|Any CPU
		{DD0C1134-7EE3-4736-840E-83C75CDD9146}.Release|Any CPU.Build.0 = Release|Any CPU
	EndGlobalSection
	GlobalSection(SolutionProperties) = preSolution
		HideSolutionNode = FALSE
	EndGlobalSection
EndGlobal
